<Solution>
  <Folder Name="/Solution Items/">
    <File Path="Directory.Build.props" />
    <File Path="Directory.Packages.props" />
    <File Path="README.md" />
  </Folder>
  <Project Path="Kanban.Api/Kanban.Api.csproj" />
  <Project Path="Kanban.AppHost/Kanban.AppHost.csproj" />
  <Project Path="Kanban.ServiceDefaults/Kanban.ServiceDefaults.csproj" />
  <Project Path="Kanban.Tests/Kanban.Tests.csproj" />
  <Project Path="Kanban.Web/Kanban.Web.csproj" />
</Solution>
